
Microsoft Visual Studio Solution File, Format Version 12.00
# Visual Studio Version 16
VisualStudioVersion = 16.0.28902.138
MinimumVisualStudioVersion = 10.0.40219.1
Project("{9A19103F-16F7-4668-BE54-9A1E7A4F7556}") = "BlazorStyled", "src\BlazorStyled\BlazorStyled.csproj", "{C2D06BE5-4AB2-43FA-9678-591C485519EB}"
EndProject
Project("{9A19103F-16F7-4668-BE54-9A1E7A4F7556}") = "ClientSideSample", "src\Sample\ClientSideSample.csproj", "{AB70A8D3-2D33-47C8-B32E-87C53E80CBCF}"
EndProject
Project("{2150E333-8FDC-42A3-9474-1A3956D46DE8}") = "Solution Items", "Solution Items", "{50D8561D-7717-4DBB-B6BA-5113407E1FA5}"
	ProjectSection(SolutionItems) = preProject
		readme.md = readme.md
		TestStyles.css = TestStyles.css
	EndProjectSection
EndProject
Project("{9A19103F-16F7-4668-BE54-9A1E7A4F7556}") = "ServerSideSample", "src\ServerSideSample\ServerSideSample.csproj", "{1DD68860-66A4-4D68-9A5D-FBE20CBA5E62}"
EndProject
Project("{9A19103F-16F7-4668-BE54-9A1E7A4F7556}") = "SampleCore", "src\SampleCore\SampleCore.csproj", "{B1D0FFB9-FF31-4E26-9F67-FCB0B7F7B62D}"
EndProject
Project("{9A19103F-16F7-4668-BE54-9A1E7A4F7556}") = "ServerSideDebug", "src\ServerSideDebug\ServerSideDebug.csproj", "{EA48A3D2-585A-4D29-8F09-555FC9D2EB30}"
EndProject
Project("{9A19103F-16F7-4668-BE54-9A1E7A4F7556}") = "HostedSample.Server", "src\HostedSample\HostedSample.Server.csproj", "{88B6A5F8-8D0A-4135-8D9E-F39098DF53D0}"
EndProject
Project("{9A19103F-16F7-4668-BE54-9A1E7A4F7556}") = "BlazorStyled.Tests", "src\BlazorStyled.Tests\BlazorStyled.Tests.csproj", "{2CF399EB-09DE-4323-A6EA-289DBE1554B4}"
EndProject
Project("{FAE04EC0-301F-11D3-BF4B-00C04F79EFBC}") = "ServerSidePreRender", "src\ServerSidePreRender\ServerSidePreRender.csproj", "{DB9C91DC-E3FF-428D-A074-461ADD1CB0BE}"
EndProject
Global
	GlobalSection(SolutionConfigurationPlatforms) = preSolution
		Debug|Any CPU = Debug|Any CPU
		Release|Any CPU = Release|Any CPU
	EndGlobalSection
	GlobalSection(ProjectConfigurationPlatforms) = postSolution
		{C2D06BE5-4AB2-43FA-9678-591C485519EB}.Debug|Any CPU.ActiveCfg = Debug|Any CPU
		{C2D06BE5-4AB2-43FA-9678-591C485519EB}.Debug|Any CPU.Build.0 = Debug|Any CPU
		{C2D06BE5-4AB2-43FA-9678-591C485519EB}.Release|Any CPU.ActiveCfg = Release|Any CPU
		{C2D06BE5-4AB2-43FA-9678-591C485519EB}.Release|Any CPU.Build.0 = Release|Any CPU
		{AB70A8D3-2D33-47C8-B32E-87C53E80CBCF}.Debug|Any CPU.ActiveCfg = Debug|Any CPU
		{AB70A8D3-2D33-47C8-B32E-87C53E80CBCF}.Debug|Any CPU.Build.0 = Debug|Any CPU
		{AB70A8D3-2D33-47C8-B32E-87C53E80CBCF}.Release|Any CPU.ActiveCfg = Release|Any CPU
		{AB70A8D3-2D33-47C8-B32E-87C53E80CBCF}.Release|Any CPU.Build.0 = Release|Any CPU
		{1DD68860-66A4-4D68-9A5D-FBE20CBA5E62}.Debug|Any CPU.ActiveCfg = Debug|Any CPU
		{1DD68860-66A4-4D68-9A5D-FBE20CBA5E62}.Debug|Any CPU.Build.0 = Debug|Any CPU
		{1DD68860-66A4-4D68-9A5D-FBE20CBA5E62}.Release|Any CPU.ActiveCfg = Release|Any CPU
		{1DD68860-66A4-4D68-9A5D-FBE20CBA5E62}.Release|Any CPU.Build.0 = Release|Any CPU
		{B1D0FFB9-FF31-4E26-9F67-FCB0B7F7B62D}.Debug|Any CPU.ActiveCfg = Debug|Any CPU
		{B1D0FFB9-FF31-4E26-9F67-FCB0B7F7B62D}.Debug|Any CPU.Build.0 = Debug|Any CPU
		{B1D0FFB9-FF31-4E26-9F67-FCB0B7F7B62D}.Release|Any CPU.ActiveCfg = Release|Any CPU
		{B1D0FFB9-FF31-4E26-9F67-FCB0B7F7B62D}.Release|Any CPU.Build.0 = Release|Any CPU
		{EA48A3D2-585A-4D29-8F09-555FC9D2EB30}.Debug|Any CPU.ActiveCfg = Debug|Any CPU
		{EA48A3D2-585A-4D29-8F09-555FC9D2EB30}.Debug|Any CPU.Build.0 = Debug|Any CPU
		{EA48A3D2-585A-4D29-8F09-555FC9D2EB30}.Release|Any CPU.ActiveCfg = Release|Any CPU
		{EA48A3D2-585A-4D29-8F09-555FC9D2EB30}.Release|Any CPU.Build.0 = Release|Any CPU
		{88B6A5F8-8D0A-4135-8D9E-F39098DF53D0}.Debug|Any CPU.ActiveCfg = Debug|Any CPU
		{88B6A5F8-8D0A-4135-8D9E-F39098DF53D0}.Debug|Any CPU.Build.0 = Debug|Any CPU
		{88B6A5F8-8D0A-4135-8D9E-F39098DF53D0}.Release|Any CPU.ActiveCfg = Release|Any CPU
		{88B6A5F8-8D0A-4135-8D9E-F39098DF53D0}.Release|Any CPU.Build.0 = Release|Any CPU
		{2CF399EB-09DE-4323-A6EA-289DBE1554B4}.Debug|Any CPU.ActiveCfg = Debug|Any CPU
		{2CF399EB-09DE-4323-A6EA-289DBE1554B4}.Debug|Any CPU.Build.0 = Debug|Any CPU
		{2CF399EB-09DE-4323-A6EA-289DBE1554B4}.Release|Any CPU.ActiveCfg = Release|Any CPU
		{2CF399EB-09DE-4323-A6EA-289DBE1554B4}.Release|Any CPU.Build.0 = Release|Any CPU
		{DB9C91DC-E3FF-428D-A074-461ADD1CB0BE}.Debug|Any CPU.ActiveCfg = Debug|Any CPU
		{DB9C91DC-E3FF-428D-A074-461ADD1CB0BE}.Debug|Any CPU.Build.0 = Debug|Any CPU
		{DB9C91DC-E3FF-428D-A074-461ADD1CB0BE}.Release|Any CPU.ActiveCfg = Release|Any CPU
		{DB9C91DC-E3FF-428D-A074-461ADD1CB0BE}.Release|Any CPU.Build.0 = Release|Any CPU
	EndGlobalSection
	GlobalSection(SolutionProperties) = preSolution
		HideSolutionNode = FALSE
	EndGlobalSection
	GlobalSection(ExtensibilityGlobals) = postSolution
		SolutionGuid = {74BA22E0-A64D-4374-8013-209F5C69C01F}
	EndGlobalSection
EndGlobal
