
Microsoft Visual Studio Solution File, Format Version 12.00
# Visual Studio Version 16
VisualStudioVersion = 16.0.28902.138
MinimumVisualStudioVersion = 10.0.40219.1
Project("{9A19103F-16F7-4668-BE54-9A1E7A4F7556}") = "BlazorStyled", "src\BlazorStyled\BlazorStyled.csproj", "{C2D06BE5-4AB2-43FA-9678-591C485519EB}"
EndProject
Project("{9A19103F-16F7-4668-BE54-9A1E7A4F7556}") = "Sample", "src\Sample\Sample.csproj", "{AB70A8D3-2D33-47C8-B32E-87C53E80CBCF}"
EndProject
Project("{2150E333-8FDC-42A3-9474-1A3956D46DE8}") = "Solution Items", "Solution Items", "{50D8561D-7717-4DBB-B6BA-5113407E1FA5}"
	ProjectSection(SolutionItems) = preProject
		readme.md = readme.md
	EndProjectSection
EndProject
Project("{9A19103F-16F7-4668-BE54-9A1E7A4F7556}") = "ServerSideSample", "src\ServerSideSample\ServerSideSample.csproj", "{1DD68860-66A4-4D68-9A5D-FBE20CBA5E62}"
EndProject
Global
	GlobalSection(SolutionConfigurationPlatforms) = preSolution
		Debug|Any CPU = Debug|Any CPU
		Release|Any CPU = Release|Any CPU
	EndGlobalSection
	GlobalSection(ProjectConfigurationPlatforms) = postSolution
		{C2D06BE5-4AB2-43FA-9678-591C485519EB}.Debug|Any CPU.ActiveCfg = Debug|Any CPU
		{C2D06BE5-4AB2-43FA-9678-591C485519EB}.Debug|Any CPU.Build.0 = Debug|Any CPU
		{C2D06BE5-4AB2-43FA-9678-591C485519EB}.Release|Any CPU.ActiveCfg = Release|Any CPU
		{C2D06BE5-4AB2-43FA-9678-591C485519EB}.Release|Any CPU.Build.0 = Release|Any CPU
		{AB70A8D3-2D33-47C8-B32E-87C53E80CBCF}.Debug|Any CPU.ActiveCfg = Debug|Any CPU
		{AB70A8D3-2D33-47C8-B32E-87C53E80CBCF}.Debug|Any CPU.Build.0 = Debug|Any CPU
		{AB70A8D3-2D33-47C8-B32E-87C53E80CBCF}.Release|Any CPU.ActiveCfg = Release|Any CPU
		{AB70A8D3-2D33-47C8-B32E-87C53E80CBCF}.Release|Any CPU.Build.0 = Release|Any CPU
		{1DD68860-66A4-4D68-9A5D-FBE20CBA5E62}.Debug|Any CPU.ActiveCfg = Debug|Any CPU
		{1DD68860-66A4-4D68-9A5D-FBE20CBA5E62}.Debug|Any CPU.Build.0 = Debug|Any CPU
		{1DD68860-66A4-4D68-9A5D-FBE20CBA5E62}.Release|Any CPU.ActiveCfg = Release|Any CPU
		{1DD68860-66A4-4D68-9A5D-FBE20CBA5E62}.Release|Any CPU.Build.0 = Release|Any CPU
	EndGlobalSection
	GlobalSection(SolutionProperties) = preSolution
		HideSolutionNode = FALSE
	EndGlobalSection
	GlobalSection(ExtensibilityGlobals) = postSolution
		SolutionGuid = {74BA22E0-A64D-4374-8013-209F5C69C01F}
	EndGlobalSection
EndGlobal
